{
  "name": "clean-twitch-asmr",
  "version": "0.1.0",
  "lockfileVersion": 2,
  "requires": true,
  "packages": {
    "": {
      "name": "clean-twitch-asmr",
      "version": "0.1.0",
      "license": "WTFPL",
      "devDependencies": {
        "@nolanrigo/prettier-config": "^4.0.1",
        "@nolanrigo/typescript-config": "^1.0.1",
        "typescript": "^4.6.2"
      }
    },
    "node_modules/@nolanrigo/prettier-config": {
      "version": "4.0.1",
      "resolved": "https://registry.npmjs.org/@nolanrigo/prettier-config/-/prettier-config-4.0.1.tgz",
      "integrity": "sha512-ERV5N66emk23WnKQ9PWV0Ig+2IfPuw8Ku+baX4NNvPqHzJaIwykSH+fhKKTutM7G6wlHbEEka80vGyZ+4kBFAA==",
      "dev": true,
      "dependencies": {
        "prettier-plugin-organize-imports": "^2.3.4",
        "prettier-plugin-package": "^1.3.0"
      },
      "peerDependencies": {
        "prettier": "2.x",
        "typescript": "4.x"
      }
    },
    "node_modules/@nolanrigo/typescript-config": {
      "version": "1.0.1",
      "resolved": "https://registry.npmjs.org/@nolanrigo/typescript-config/-/typescript-config-1.0.1.tgz",
      "integrity": "sha512-GRLtLLpeoOMg6Q5H8/z//dyNcQOsyB+erjXEZOetCKYYU9H+7er79LfAWeD2xDaQK0bL/AUAavdDWY3OorlHrg==",
      "dev": true,
      "peerDependencies": {
        "typescript": "4.x"
      }
    },
    "node_modules/prettier": {
      "version": "2.6.0",
      "resolved": "https://registry.npmjs.org/prettier/-/prettier-2.6.0.tgz",
      "integrity": "sha512-m2FgJibYrBGGgQXNzfd0PuDGShJgRavjUoRCw1mZERIWVSXF0iLzLm+aOqTAbLnC3n6JzUhAA8uZnFVghHJ86A==",
      "dev": true,
      "peer": true,
      "bin": {
        "prettier": "bin-prettier.js"
      },
      "engines": {
        "node": ">=10.13.0"
      },
      "funding": {
        "url": "https://github.com/prettier/prettier?sponsor=1"
      }
    },
    "node_modules/prettier-plugin-organize-imports": {
      "version": "2.3.4",
      "resolved": "https://registry.npmjs.org/prettier-plugin-organize-imports/-/prettier-plugin-organize-imports-2.3.4.tgz",
      "integrity": "sha512-R8o23sf5iVL/U71h9SFUdhdOEPsi3nm42FD/oDYIZ2PQa4TNWWuWecxln6jlIQzpZTDMUeO1NicJP6lLn2TtRw==",
      "dev": true,
      "peerDependencies": {
        "prettier": ">=2.0",
        "typescript": ">=2.9"
      }
    },
    "node_modules/prettier-plugin-package": {
      "version": "1.3.0",
      "resolved": "https://registry.npmjs.org/prettier-plugin-package/-/prettier-plugin-package-1.3.0.tgz",
      "integrity": "sha512-KPNHR/Jm2zTevBp1SnjzMnooO1BOQW2bixVbOp8flOJoW+dxdDwEncObfsKZdkjwrv6AIH4oWqm5EO/etDmK9Q==",
      "dev": true,
      "engines": {
        "node": ">=10.13.0"
      },
      "peerDependencies": {
        "prettier": "^2.0.0"
      }
    },
    "node_modules/typescript": {
      "version": "4.6.2",
      "resolved": "https://registry.npmjs.org/typescript/-/typescript-4.6.2.tgz",
      "integrity": "sha512-HM/hFigTBHZhLXshn9sN37H085+hQGeJHJ/X7LpBWLID/fbc2acUMfU+lGD98X81sKP+pFa9f0DZmCwB9GnbAg==",
      "dev": true,
      "bin": {
        "tsc": "bin/tsc",
        "tsserver": "bin/tsserver"
      },
      "engines": {
        "node": ">=4.2.0"
      }
    }
  },
  "dependencies": {
    "@nolanrigo/prettier-config": {
      "version": "4.0.1",
      "resolved": "https://registry.npmjs.org/@nolanrigo/prettier-config/-/prettier-config-4.0.1.tgz",
      "integrity": "sha512-ERV5N66emk23WnKQ9PWV0Ig+2IfPuw8Ku+baX4NNvPqHzJaIwykSH+fhKKTutM7G6wlHbEEka80vGyZ+4kBFAA==",
      "dev": true,
      "requires": {
        "prettier-plugin-organize-imports": "^2.3.4",
        "prettier-plugin-package": "^1.3.0"
      }
    },
    "@nolanrigo/typescript-config": {
      "version": "1.0.1",
      "resolved": "https://registry.npmjs.org/@nolanrigo/typescript-config/-/typescript-config-1.0.1.tgz",
      "integrity": "sha512-GRLtLLpeoOMg6Q5H8/z//dyNcQOsyB+erjXEZOetCKYYU9H+7er79LfAWeD2xDaQK0bL/AUAavdDWY3OorlHrg==",
      "dev": true,
      "requires": {}
    },
    "prettier": {
      "version": "2.6.0",
      "resolved": "https://registry.npmjs.org/prettier/-/prettier-2.6.0.tgz",
      "integrity": "sha512-m2FgJibYrBGGgQXNzfd0PuDGShJgRavjUoRCw1mZERIWVSXF0iLzLm+aOqTAbLnC3n6JzUhAA8uZnFVghHJ86A==",
      "dev": true,
      "peer": true
    },
    "prettier-plugin-organize-imports": {
      "version": "2.3.4",
      "resolved": "https://registry.npmjs.org/prettier-plugin-organize-imports/-/prettier-plugin-organize-imports-2.3.4.tgz",
      "integrity": "sha512-R8o23sf5iVL/U71h9SFUdhdOEPsi3nm42FD/oDYIZ2PQa4TNWWuWecxln6jlIQzpZTDMUeO1NicJP6lLn2TtRw==",
      "dev": true,
      "requires": {}
    },
    "prettier-plugin-package": {
      "version": "1.3.0",
      "resolved": "https://registry.npmjs.org/prettier-plugin-package/-/prettier-plugin-package-1.3.0.tgz",
      "integrity": "sha512-KPNHR/Jm2zTevBp1SnjzMnooO1BOQW2bixVbOp8flOJoW+dxdDwEncObfsKZdkjwrv6AIH4oWqm5EO/etDmK9Q==",
      "dev": true,
      "requires": {}
    },
    "typescript": {
      "version": "4.6.2",
      "resolved": "https://registry.npmjs.org/typescript/-/typescript-4.6.2.tgz",
      "integrity": "sha512-HM/hFigTBHZhLXshn9sN37H085+hQGeJHJ/X7LpBWLID/fbc2acUMfU+lGD98X81sKP+pFa9f0DZmCwB9GnbAg==",
      "dev": true
    }
  }
}
